
Microsoft Visual Studio Solution File, Format Version 12.00
# Visual Studio 15
VisualStudioVersion = 15.0.26228.9
MinimumVisualStudioVersion = 10.0.40219.1
Project("{FAE04EC0-301F-11D3-BF4B-00C04F79EFBC}") = "Ch02Variable", "Ch02Variable\Ch02Variable.csproj", "{8D283C2C-E5F8-4646-BB26-94A11E4DDE8A}"
EndProject
Global
	GlobalSection(SolutionConfigurationPlatforms) = preSolution
		Debug|Any CPU = Debug|Any CPU
		Release|Any CPU = Release|Any CPU
	EndGlobalSection
	GlobalSection(ProjectConfigurationPlatforms) = postSolution
		{8D283C2C-E5F8-4646-BB26-94A11E4DDE8A}.Debug|Any CPU.ActiveCfg = Debug|Any CPU
		{8D283C2C-E5F8-4646-BB26-94A11E4DDE8A}.Debug|Any CPU.Build.0 = Debug|Any CPU
		{8D283C2C-E5F8-4646-BB26-94A11E4DDE8A}.Release|Any CPU.ActiveCfg = Release|Any CPU
		{8D283C2C-E5F8-4646-BB26-94A11E4DDE8A}.Release|Any CPU.Build.0 = Release|Any CPU
	EndGlobalSection
	GlobalSection(SolutionProperties) = preSolution
		HideSolutionNode = FALSE
	EndGlobalSection
EndGlobal
